
Microsoft Visual Studio Solution File, Format Version 12.00
Project("{FAE04EC0-301F-11D3-BF4B-00C04F79EFBC}") = "Assignment 01", "Assignment 01\Assignment 01.csproj", "{48396E89-FD27-46E0-B3E2-B98461185631}"
EndProject
Project("{FAE04EC0-301F-11D3-BF4B-00C04F79EFBC}") = "Assignment 02", "Assignment 02\Assignment 02.csproj", "{6E78F033-B4AD-43DD-8417-228572742374}"
EndProject
Global
	GlobalSection(SolutionConfigurationPlatforms) = preSolution
		Debug|Any CPU = Debug|Any CPU
		Release|Any CPU = Release|Any CPU
	EndGlobalSection
	GlobalSection(ProjectConfigurationPlatforms) = postSolution
		{48396E89-FD27-46E0-B3E2-B98461185631}.Debug|Any CPU.ActiveCfg = Debug|Any CPU
		{48396E89-FD27-46E0-B3E2-B98461185631}.Debug|Any CPU.Build.0 = Debug|Any CPU
		{48396E89-FD27-46E0-B3E2-B98461185631}.Release|Any CPU.ActiveCfg = Release|Any CPU
		{48396E89-FD27-46E0-B3E2-B98461185631}.Release|Any CPU.Build.0 = Release|Any CPU
		{6E78F033-B4AD-43DD-8417-228572742374}.Debug|Any CPU.ActiveCfg = Debug|Any CPU
		{6E78F033-B4AD-43DD-8417-228572742374}.Debug|Any CPU.Build.0 = Debug|Any CPU
		{6E78F033-B4AD-43DD-8417-228572742374}.Release|Any CPU.ActiveCfg = Release|Any CPU
		{6E78F033-B4AD-43DD-8417-228572742374}.Release|Any CPU.Build.0 = Release|Any CPU
	EndGlobalSection
EndGlobal
