
Microsoft Visual Studio Solution File, Format Version 12.00
Project("{FAE04EC0-301F-11D3-BF4B-00C04F79EFBC}") = "CsharpDay3", "CsharpDay3\CsharpDay3.csproj", "{3226E8A2-D7DE-4267-AFE5-2057594A83B4}"
EndProject
Global
	GlobalSection(SolutionConfigurationPlatforms) = preSolution
		Debug|Any CPU = Debug|Any CPU
		Release|Any CPU = Release|Any CPU
	EndGlobalSection
	GlobalSection(ProjectConfigurationPlatforms) = postSolution
		{3226E8A2-D7DE-4267-AFE5-2057594A83B4}.Debug|Any CPU.ActiveCfg = Debug|Any CPU
		{3226E8A2-D7DE-4267-AFE5-2057594A83B4}.Debug|Any CPU.Build.0 = Debug|Any CPU
		{3226E8A2-D7DE-4267-AFE5-2057594A83B4}.Release|Any CPU.ActiveCfg = Release|Any CPU
		{3226E8A2-D7DE-4267-AFE5-2057594A83B4}.Release|Any CPU.Build.0 = Release|Any CPU
	EndGlobalSection
EndGlobal
